
Microsoft Visual Studio Solution File, Format Version 12.00
# Visual Studio Version 17
VisualStudioVersion = 17.11.35312.102
MinimumVisualStudioVersion = 10.0.40219.1
Project("{FAE04EC0-301F-11D3-BF4B-00C04F79EFBC}") = "Nest", "Nest\Nest.csproj", "{C25BB986-EBA9-420A-9E14-DB40BD1E1E9E}"
EndProject
Global
	GlobalSection(SolutionConfigurationPlatforms) = preSolution
		Debug|Any CPU = Debug|Any CPU
		Release|Any CPU = Release|Any CPU
	EndGlobalSection
	GlobalSection(ProjectConfigurationPlatforms) = postSolution
		{C25BB986-EBA9-420A-9E14-DB40BD1E1E9E}.Debug|Any CPU.ActiveCfg = Debug|Any CPU
		{C25BB986-EBA9-420A-9E14-DB40BD1E1E9E}.Debug|Any CPU.Build.0 = Debug|Any CPU
		{C25BB986-EBA9-420A-9E14-DB40BD1E1E9E}.Release|Any CPU.ActiveCfg = Release|Any CPU
		{C25BB986-EBA9-420A-9E14-DB40BD1E1E9E}.Release|Any CPU.Build.0 = Release|Any CPU
	EndGlobalSection
	GlobalSection(SolutionProperties) = preSolution
		HideSolutionNode = FALSE
	EndGlobalSection
	GlobalSection(ExtensibilityGlobals) = postSolution
		SolutionGuid = {557780FA-D53D-4FB4-9A62-0155B47D3881}
	EndGlobalSection
EndGlobal
